
Microsoft Visual Studio Solution File, Format Version 12.00
# Visual Studio Version 17
VisualStudioVersion = 17.5.002.0
MinimumVisualStudioVersion = 10.0.40219.1
Project("{9A19103F-16F7-4668-BE54-9A1E7A4F7556}") = "DesafioFundamentos", "DesafioFundamentos.csproj", "{A310907B-C8C5-4BE6-B6C5-C2B316DCA392}"
EndProject
Global
	GlobalSection(SolutionConfigurationPlatforms) = preSolution
		Debug|Any CPU = Debug|Any CPU
		Release|Any CPU = Release|Any CPU
	EndGlobalSection
	GlobalSection(ProjectConfigurationPlatforms) = postSolution
		{A310907B-C8C5-4BE6-B6C5-C2B316DCA392}.Debug|Any CPU.ActiveCfg = Debug|Any CPU
		{A310907B-C8C5-4BE6-B6C5-C2B316DCA392}.Debug|Any CPU.Build.0 = Debug|Any CPU
		{A310907B-C8C5-4BE6-B6C5-C2B316DCA392}.Release|Any CPU.ActiveCfg = Release|Any CPU
		{A310907B-C8C5-4BE6-B6C5-C2B316DCA392}.Release|Any CPU.Build.0 = Release|Any CPU
	EndGlobalSection
	GlobalSection(SolutionProperties) = preSolution
		HideSolutionNode = FALSE
	EndGlobalSection
	GlobalSection(ExtensibilityGlobals) = postSolution
		SolutionGuid = {8EC08641-8CAA-460B-8633-E84DDAB491C5}
	EndGlobalSection
EndGlobal
